
Microsoft Visual Studio Solution File, Format Version 11.00
# Visual Studio 2010
Project("{FAE04EC0-301F-11D3-BF4B-00C04F79EFBC}") = "CardStock", "CardStock\CardStock.csproj", "{C67579A0-F0CE-48C7-B758-86E2ED89A472}"
EndProject
Global
	GlobalSection(SolutionConfigurationPlatforms) = preSolution
		Debug|x86 = Debug|x86
		Release|x86 = Release|x86
	EndGlobalSection
	GlobalSection(ProjectConfigurationPlatforms) = postSolution
		{C67579A0-F0CE-48C7-B758-86E2ED89A472}.Debug|x86.ActiveCfg = Debug|x86
		{C67579A0-F0CE-48C7-B758-86E2ED89A472}.Debug|x86.Build.0 = Debug|x86
		{C67579A0-F0CE-48C7-B758-86E2ED89A472}.Release|x86.ActiveCfg = Release|x86
		{C67579A0-F0CE-48C7-B758-86E2ED89A472}.Release|x86.Build.0 = Release|x86
	EndGlobalSection
	GlobalSection(SolutionProperties) = preSolution
		HideSolutionNode = FALSE
	EndGlobalSection
EndGlobal
